// !$*UTF8*$!
{
	archiveVersion = 1;
	classes = {
	};
	objectVersion = 50;
	objects = {

/* Begin PBXBuildFile section */
		FADCF70326AB270800FDBA33 /* AppDelegate.swift in Sources */ = {isa = PBXBuildFile; fileRef = FADCF70226AB270800FDBA33 /* AppDelegate.swift */; };
		FADCF70526AB270800FDBA33 /* SceneDelegate.swift in Sources */ = {isa = PBXBuildFile; fileRef = FADCF70426AB270800FDBA33 /* SceneDelegate.swift */; };
		FADCF70726AB270800FDBA33 /* ViewController.swift in Sources */ = {isa = PBXBuildFile; fileRef = FADCF70626AB270800FDBA33 /* ViewController.swift */; };
		FADCF70A26AB270800FDBA33 /* Main.storyboard in Resources */ = {isa = PBXBuildFile; fileRef = FADCF70826AB270800FDBA33 /* Main.storyboard */; };
		FADCF70C26AB270C00FDBA33 /* Assets.xcassets in Resources */ = {isa = PBXBuildFile; fileRef = FADCF70B26AB270C00FDBA33 /* Assets.xcassets */; };
		FADCF70F26AB270C00FDBA33 /* LaunchScreen.storyboard in Resources */ = {isa = PBXBuildFile; fileRef = FADCF70D26AB270C00FDBA33 /* LaunchScreen.storyboard */; };
		FADCF71826AB272200FDBA33 /* README.md in Resources */ = {isa = PBXBuildFile; fileRef = FADCF71726AB272200FDBA33 /* README.md */; };
		FADCF71E26AC631500FDBA33 /* WeatherManager.swift in Sources */ = {isa = PBXBuildFile; fileRef = FADCF71D26AC631500FDBA33 /* WeatherManager.swift */; };
		FADCF72826ADB9FC00FDBA33 /* WeatherData.swift in Sources */ = {isa = PBXBuildFile; fileRef = FADCF72726ADB9FC00FDBA33 /* WeatherData.swift */; };
		FAEB813E26ADE4AC0027CF82 /* WeatherModel.swift in Sources */ = {isa = PBXBuildFile; fileRef = FAEB813D26ADE4AC0027CF82 /* WeatherModel.swift */; };
/* End PBXBuildFile section */

/* Begin PBXFileReference section */
		FADCF6FF26AB270800FDBA33 /* Weather.app */ = {isa = PBXFileReference; explicitFileType = wrapper.application; includeInIndex = 0; path = Weather.app; sourceTree = BUILT_PRODUCTS_DIR; };
		FADCF70226AB270800FDBA33 /* AppDelegate.swift */ = {isa = PBXFileReference; lastKnownFileType = sourcecode.swift; path = AppDelegate.swift; sourceTree = "<group>"; };
		FADCF70426AB270800FDBA33 /* SceneDelegate.swift */ = {isa = PBXFileReference; lastKnownFileType = sourcecode.swift; path = SceneDelegate.swift; sourceTree = "<group>"; };
		FADCF70626AB270800FDBA33 /* ViewController.swift */ = {isa = PBXFileReference; lastKnownFileType = sourcecode.swift; path = ViewController.swift; sourceTree = "<group>"; };
		FADCF70926AB270800FDBA33 /* Base */ = {isa = PBXFileReference; lastKnownFileType = file.storyboard; name = Base; path = Base.lproj/Main.storyboard; sourceTree = "<group>"; };
		FADCF70B26AB270C00FDBA33 /* Assets.xcassets */ = {isa = PBXFileReference; lastKnownFileType = folder.assetcatalog; path = Assets.xcassets; sourceTree = "<group>"; };
		FADCF70E26AB270C00FDBA33 /* Base */ = {isa = PBXFileReference; lastKnownFileType = file.storyboard; name = Base; path = Base.lproj/LaunchScreen.storyboard; sourceTree = "<group>"; };
		FADCF71026AB270C00FDBA33 /* Info.plist */ = {isa = PBXFileReference; lastKnownFileType = text.plist.xml; path = Info.plist; sourceTree = "<group>"; };
		FADCF71726AB272200FDBA33 /* README.md */ = {isa = PBXFileReference; lastKnownFileType = net.daringfireball.markdown; path = README.md; sourceTree = "<group>"; };
		FADCF71D26AC631500FDBA33 /* WeatherManager.swift */ = {isa = PBXFileReference; lastKnownFileType = sourcecode.swift; path = WeatherManager.swift; sourceTree = "<group>"; };
		FADCF72726ADB9FC00FDBA33 /* WeatherData.swift */ = {isa = PBXFileReference; lastKnownFileType = sourcecode.swift; path = WeatherData.swift; sourceTree = "<group>"; };
		FAEB813D26ADE4AC0027CF82 /* WeatherModel.swift */ = {isa = PBXFileReference; lastKnownFileType = sourcecode.swift; path = WeatherModel.swift; sourceTree = "<group>"; };
/* End PBXFileReference section */

/* Begin PBXFrameworksBuildPhase section */
		FADCF6FC26AB270800FDBA33 /* Frameworks */ = {
			isa = PBXFrameworksBuildPhase;
			buildActionMask = 2147483647;
			files = (
			);
			runOnlyForDeploymentPostprocessing = 0;
		};
/* End PBXFrameworksBuildPhase section */

/* Begin PBXGroup section */
		FADCF6F626AB270800FDBA33 = {
			isa = PBXGroup;
			children = (
				FADCF71726AB272200FDBA33 /* README.md */,
				FADCF70126AB270800FDBA33 /* Weather */,
				FADCF70026AB270800FDBA33 /* Products */,
			);
			sourceTree = "<group>";
		};
		FADCF70026AB270800FDBA33 /* Products */ = {
			isa = PBXGroup;
			children = (
				FADCF6FF26AB270800FDBA33 /* Weather.app */,
			);
			name = Products;
			sourceTree = "<group>";
		};
		FADCF70126AB270800FDBA33 /* Weather */ = {
			isa = PBXGroup;
			children = (
				FADCF70226AB270800FDBA33 /* AppDelegate.swift */,
				FADCF70426AB270800FDBA33 /* SceneDelegate.swift */,
				FADCF72026AC632100FDBA33 /* Model */,
				FADCF71A26AB285400FDBA33 /* View */,
				FADCF71B26AB285F00FDBA33 /* Control */,
				FADCF70B26AB270C00FDBA33 /* Assets.xcassets */,
				FADCF70D26AB270C00FDBA33 /* LaunchScreen.storyboard */,
				FADCF71026AB270C00FDBA33 /* Info.plist */,
			);
			path = Weather;
			sourceTree = "<group>";
		};
		FADCF71A26AB285400FDBA33 /* View */ = {
			isa = PBXGroup;
			children = (
				FADCF70826AB270800FDBA33 /* Main.storyboard */,
			);
			path = View;
			sourceTree = "<group>";
		};
		FADCF71B26AB285F00FDBA33 /* Control */ = {
			isa = PBXGroup;
			children = (
				FADCF70626AB270800FDBA33 /* ViewController.swift */,
			);
			path = Control;
			sourceTree = "<group>";
		};
		FADCF72026AC632100FDBA33 /* Model */ = {
			isa = PBXGroup;
			children = (
				FAEB813D26ADE4AC0027CF82 /* WeatherModel.swift */,
				FADCF71D26AC631500FDBA33 /* WeatherManager.swift */,
				FADCF72726ADB9FC00FDBA33 /* WeatherData.swift */,
			);
			path = Model;
			sourceTree = "<group>";
		};
/* End PBXGroup section */

/* Begin PBXNativeTarget section */
		FADCF6FE26AB270800FDBA33 /* Weather */ = {
			isa = PBXNativeTarget;
			buildConfigurationList = FADCF71326AB270C00FDBA33 /* Build configuration list for PBXNativeTarget "Weather" */;
			buildPhases = (
				FADCF6FB26AB270800FDBA33 /* Sources */,
				FADCF6FC26AB270800FDBA33 /* Frameworks */,
				FADCF6FD26AB270800FDBA33 /* Resources */,
			);
			buildRules = (
			);
			dependencies = (
			);
			name = Weather;
			productName = Weather;
			productReference = FADCF6FF26AB270800FDBA33 /* Weather.app */;
			productType = "com.apple.product-type.application";
		};
/* End PBXNativeTarget section */

/* Begin PBXProject section */
		FADCF6F726AB270800FDBA33 /* Project object */ = {
			isa = PBXProject;
			attributes = {
				LastSwiftUpdateCheck = 1240;
				LastUpgradeCheck = 1240;
				TargetAttributes = {
					FADCF6FE26AB270800FDBA33 = {
						CreatedOnToolsVersion = 12.4;
					};
				};
			};
			buildConfigurationList = FADCF6FA26AB270800FDBA33 /* Build configuration list for PBXProject "Weather" */;
			compatibilityVersion = "Xcode 9.3";
			developmentRegion = en;
			hasScannedForEncodings = 0;
			knownRegions = (
				en,
				Base,
			);
			mainGroup = FADCF6F626AB270800FDBA33;
			productRefGroup = FADCF70026AB270800FDBA33 /* Products */;
			projectDirPath = "";
			projectRoot = "";
			targets = (
				FADCF6FE26AB270800FDBA33 /* Weather */,
			);
		};
/* End PBXProject section */

/* Begin PBXResourcesBuildPhase section */
		FADCF6FD26AB270800FDBA33 /* Resources */ = {
			isa = PBXResourcesBuildPhase;
			buildActionMask = 2147483647;
			files = (
				FADCF70F26AB270C00FDBA33 /* LaunchScreen.storyboard in Resources */,
				FADCF70C26AB270C00FDBA33 /* Assets.xcassets in Resources */,
				FADCF71826AB272200FDBA33 /* README.md in Resources */,
				FADCF70A26AB270800FDBA33 /* Main.storyboard in Resources */,
			);
			runOnlyForDeploymentPostprocessing = 0;
		};
/* End PBXResourcesBuildPhase section */

/* Begin PBXSourcesBuildPhase section */
		FADCF6FB26AB270800FDBA33 /* Sources */ = {
			isa = PBXSourcesBuildPhase;
			buildActionMask = 2147483647;
			files = (
				FADCF70726AB270800FDBA33 /* ViewController.swift in Sources */,
				FADCF72826ADB9FC00FDBA33 /* WeatherData.swift in Sources */,
				FADCF70326AB270800FDBA33 /* AppDelegate.swift in Sources */,
				FADCF70526AB270800FDBA33 /* SceneDelegate.swift in Sources */,
				FAEB813E26ADE4AC0027CF82 /* WeatherModel.swift in Sources */,
				FADCF71E26AC631500FDBA33 /* WeatherManager.swift in Sources */,
			);
			runOnlyForDeploymentPostprocessing = 0;
		};
/* End PBXSourcesBuildPhase section */

/* Begin PBXVariantGroup section */
		FADCF70826AB270800FDBA33 /* Main.storyboard */ = {
			isa = PBXVariantGroup;
			children = (
				FADCF70926AB270800FDBA33 /* Base */,
			);
			name = Main.storyboard;
			sourceTree = "<group>";
		};
		FADCF70D26AB270C00FDBA33 /* LaunchScreen.storyboard */ = {
			isa = PBXVariantGroup;
			children = (
				FADCF70E26AB270C00FDBA33 /* Base */,
			);
			name = LaunchScreen.storyboard;
			sourceTree = "<group>";
		};
/* End PBXVariantGroup section */

/* Begin XCBuildConfiguration section */
		FADCF71126AB270C00FDBA33 /* Debug */ = {
			isa = XCBuildConfiguration;
			buildSettings = {
				ALWAYS_SEARCH_USER_PATHS = NO;
				CLANG_ANALYZER_NONNULL = YES;
				CLANG_ANALYZER_NUMBER_OBJECT_CONVERSION = YES_AGGRESSIVE;
				CLANG_CXX_LANGUAGE_STANDARD = "gnu++14";
				CLANG_CXX_LIBRARY = "libc++";
				CLANG_ENABLE_MODULES = YES;
				CLANG_ENABLE_OBJC_ARC = YES;
				CLANG_ENABLE_OBJC_WEAK = YES;
				CLANG_WARN_BLOCK_CAPTURE_AUTORELEASING = YES;
				CLANG_WARN_BOOL_CONVERSION = YES;
				CLANG_WARN_COMMA = YES;
				CLANG_WARN_CONSTANT_CONVERSION = YES;
				CLANG_WARN_DEPRECATED_OBJC_IMPLEMENTATIONS = YES;
				CLANG_WARN_DIRECT_OBJC_ISA_USAGE = YES_ERROR;
				CLANG_WARN_DOCUMENTATION_COMMENTS = YES;
				CLANG_WARN_EMPTY_BODY = YES;
				CLANG_WARN_ENUM_CONVERSION = YES;
				CLANG_WARN_INFINITE_RECURSION = YES;
				CLANG_WARN_INT_CONVERSION = YES;
				CLANG_WARN_NON_LITERAL_NULL_CONVERSION = YES;
				CLANG_WARN_OBJC_IMPLICIT_RETAIN_SELF = YES;
				CLANG_WARN_OBJC_LITERAL_CONVERSION = YES;
				CLANG_WARN_OBJC_ROOT_CLASS = YES_ERROR;
				CLANG_WARN_QUOTED_INCLUDE_IN_FRAMEWORK_HEADER = YES;
				CLANG_WARN_RANGE_LOOP_ANALYSIS = YES;
				CLANG_WARN_STRICT_PROTOTYPES = YES;
				CLANG_WARN_SUSPICIOUS_MOVE = YES;
				CLANG_WARN_UNGUARDED_AVAILABILITY = YES_AGGRESSIVE;
				CLANG_WARN_UNREACHABLE_CODE = YES;
				CLANG_WARN__DUPLICATE_METHOD_MATCH = YES;
				COPY_PHASE_STRIP = NO;
				DEBUG_INFORMATION_FORMAT = dwarf;
				ENABLE_STRICT_OBJC_MSGSEND = YES;
				ENABLE_TESTABILITY = YES;
				GCC_C_LANGUAGE_STANDARD = gnu11;
				GCC_DYNAMIC_NO_PIC = NO;
				GCC_NO_COMMON_BLOCKS = YES;
				GCC_OPTIMIZATION_LEVEL = 0;
				GCC_PREPROCESSOR_DEFINITIONS = (
					"DEBUG=1",
					"$(inherited)",
				);
				GCC_WARN_64_TO_32_BIT_CONVERSION = YES;
				GCC_WARN_ABOUT_RETURN_TYPE = YES_ERROR;
				GCC_WARN_UNDECLARED_SELECTOR = YES;
				GCC_WARN_UNINITIALIZED_AUTOS = YES_AGGRESSIVE;
				GCC_WARN_UNUSED_FUNCTION = YES;
				GCC_WARN_UNUSED_VARIABLE = YES;
				IPHONEOS_DEPLOYMENT_TARGET = 14.4;
				MTL_ENABLE_DEBUG_INFO = INCLUDE_SOURCE;
				MTL_FAST_MATH = YES;
				ONLY_ACTIVE_ARCH = YES;
				SDKROOT = iphoneos;
				SWIFT_ACTIVE_COMPILATION_CONDITIONS = DEBUG;
				SWIFT_OPTIMIZATION_LEVEL = "-Onone";
			};
			name = Debug;
		};
		FADCF71226AB270C00FDBA33 /* Release */ = {
			isa = XCBuildConfiguration;
			buildSettings = {
				ALWAYS_SEARCH_USER_PATHS = NO;
				CLANG_ANALYZER_NONNULL = YES;
				CLANG_ANALYZER_NUMBER_OBJECT_CONVERSION = YES_AGGRESSIVE;
				CLANG_CXX_LANGUAGE_STANDARD = "gnu++14";
				CLANG_CXX_LIBRARY = "libc++";
				CLANG_ENABLE_MODULES = YES;
				CLANG_ENABLE_OBJC_ARC = YES;
				CLANG_ENABLE_OBJC_WEAK = YES;
				CLANG_WARN_BLOCK_CAPTURE_AUTORELEASING = YES;
				CLANG_WARN_BOOL_CONVERSION = YES;
				CLANG_WARN_COMMA = YES;
				CLANG_WARN_CONSTANT_CONVERSION = YES;
				CLANG_WARN_DEPRECATED_OBJC_IMPLEMENTATIONS = YES;
				CLANG_WARN_DIRECT_OBJC_ISA_USAGE = YES_ERROR;
				CLANG_WARN_DOCUMENTATION_COMMENTS = YES;
				CLANG_WARN_EMPTY_BODY = YES;
				CLANG_WARN_ENUM_CONVERSION = YES;
				CLANG_WARN_INFINITE_RECURSION = YES;
				CLANG_WARN_INT_CONVERSION = YES;
				CLANG_WARN_NON_LITERAL_NULL_CONVERSION = YES;
				CLANG_WARN_OBJC_IMPLICIT_RETAIN_SELF = YES;
				CLANG_WARN_OBJC_LITERAL_CONVERSION = YES;
				CLANG_WARN_OBJC_ROOT_CLASS = YES_ERROR;
				CLANG_WARN_QUOTED_INCLUDE_IN_FRAMEWORK_HEADER = YES;
				CLANG_WARN_RANGE_LOOP_ANALYSIS = YES;
				CLANG_WARN_STRICT_PROTOTYPES = YES;
				CLANG_WARN_SUSPICIOUS_MOVE = YES;
				CLANG_WARN_UNGUARDED_AVAILABILITY = YES_AGGRESSIVE;
				CLANG_WARN_UNREACHABLE_CODE = YES;
				CLANG_WARN__DUPLICATE_METHOD_MATCH = YES;
				COPY_PHASE_STRIP = NO;
				DEBUG_INFORMATION_FORMAT = "dwarf-with-dsym";
				ENABLE_NS_ASSERTIONS = NO;
				ENABLE_STRICT_OBJC_MSGSEND = YES;
				GCC_C_LANGUAGE_STANDARD = gnu11;
				GCC_NO_COMMON_BLOCKS = YES;
				GCC_WARN_64_TO_32_BIT_CONVERSION = YES;
				GCC_WARN_ABOUT_RETURN_TYPE = YES_ERROR;
				GCC_WARN_UNDECLARED_SELECTOR = YES;
				GCC_WARN_UNINITIALIZED_AUTOS = YES_AGGRESSIVE;
				GCC_WARN_UNUSED_FUNCTION = YES;
				GCC_WARN_UNUSED_VARIABLE = YES;
				IPHONEOS_DEPLOYMENT_TARGET = 14.4;
				MTL_ENABLE_DEBUG_INFO = NO;
				MTL_FAST_MATH = YES;
				SDKROOT = iphoneos;
				SWIFT_COMPILATION_MODE = wholemodule;
				SWIFT_OPTIMIZATION_LEVEL = "-O";
				VALIDATE_PRODUCT = YES;
			};
			name = Release;
		};
		FADCF71426AB270C00FDBA33 /* Debug */ = {
			isa = XCBuildConfiguration;
			buildSettings = {
				ASSETCATALOG_COMPILER_APPICON_NAME = AppIcon;
				ASSETCATALOG_COMPILER_GLOBAL_ACCENT_COLOR_NAME = AccentColor;
				CODE_SIGN_STYLE = Automatic;
				DEVELOPMENT_TEAM = K33FXWL25N;
				INFOPLIST_FILE = Weather/Info.plist;
				LD_RUNPATH_SEARCH_PATHS = (
					"$(inherited)",
					"@executable_path/Frameworks",
				);
				PRODUCT_BUNDLE_IDENTIFIER = co.AOS.Weather;
				PRODUCT_NAME = "$(TARGET_NAME)";
				SWIFT_VERSION = 5.0;
				TARGETED_DEVICE_FAMILY = "1,2";
			};
			name = Debug;
		};
		FADCF71526AB270C00FDBA33 /* Release */ = {
			isa = XCBuildConfiguration;
			buildSettings = {
				ASSETCATALOG_COMPILER_APPICON_NAME = AppIcon;
				ASSETCATALOG_COMPILER_GLOBAL_ACCENT_COLOR_NAME = AccentColor;
				CODE_SIGN_STYLE = Automatic;
				DEVELOPMENT_TEAM = K33FXWL25N;
				INFOPLIST_FILE = Weather/Info.plist;
				LD_RUNPATH_SEARCH_PATHS = (
					"$(inherited)",
					"@executable_path/Frameworks",
				);
				PRODUCT_BUNDLE_IDENTIFIER = co.AOS.Weather;
				PRODUCT_NAME = "$(TARGET_NAME)";
				SWIFT_VERSION = 5.0;
				TARGETED_DEVICE_FAMILY = "1,2";
			};
			name = Release;
		};
/* End XCBuildConfiguration section */

/* Begin XCConfigurationList section */
		FADCF6FA26AB270800FDBA33 /* Build configuration list for PBXProject "Weather" */ = {
			isa = XCConfigurationList;
			buildConfigurations = (
				FADCF71126AB270C00FDBA33 /* Debug */,
				FADCF71226AB270C00FDBA33 /* Release */,
			);
			defaultConfigurationIsVisible = 0;
			defaultConfigurationName = Release;
		};
		FADCF71326AB270C00FDBA33 /* Build configuration list for PBXNativeTarget "Weather" */ = {
			isa = XCConfigurationList;
			buildConfigurations = (
				FADCF71426AB270C00FDBA33 /* Debug */,
				FADCF71526AB270C00FDBA33 /* Release */,
			);
			defaultConfigurationIsVisible = 0;
			defaultConfigurationName = Release;
		};
/* End XCConfigurationList section */
	};
	rootObject = FADCF6F726AB270800FDBA33 /* Project object */;
}
